
Microsoft Visual Studio Solution File, Format Version 12.00
# Visual Studio Version 17
VisualStudioVersion = 17.11.35312.102
MinimumVisualStudioVersion = 10.0.40219.1
Project("{8BC9CEB8-8B4A-11D0-8D11-00A0C91BC942}") = "PG3", "PG3.vcxproj", "{D580BF35-1291-4D56-A819-FA3EC46D5B65}"
EndProject
Project("{2150E333-8FDC-42A3-9474-1A3956D46DE8}") = "ソリューション項目", "ソリューション項目", "{FC0CC8EE-4E50-4444-BF27-D676E7026DCB}"
	ProjectSection(SolutionItems) = preProject
		.editorconfig = .editorconfig
	EndProjectSection
EndProject
Global
	GlobalSection(SolutionConfigurationPlatforms) = preSolution
		Debug|x64 = Debug|x64
		Debug|x86 = Debug|x86
		Release|x64 = Release|x64
		Release|x86 = Release|x86
	EndGlobalSection
	GlobalSection(ProjectConfigurationPlatforms) = postSolution
		{D580BF35-1291-4D56-A819-FA3EC46D5B65}.Debug|x64.ActiveCfg = Debug|x64
		{D580BF35-1291-4D56-A819-FA3EC46D5B65}.Debug|x64.Build.0 = Debug|x64
		{D580BF35-1291-4D56-A819-FA3EC46D5B65}.Debug|x86.ActiveCfg = Debug|Win32
		{D580BF35-1291-4D56-A819-FA3EC46D5B65}.Debug|x86.Build.0 = Debug|Win32
		{D580BF35-1291-4D56-A819-FA3EC46D5B65}.Release|x64.ActiveCfg = Release|x64
		{D580BF35-1291-4D56-A819-FA3EC46D5B65}.Release|x64.Build.0 = Release|x64
		{D580BF35-1291-4D56-A819-FA3EC46D5B65}.Release|x86.ActiveCfg = Release|Win32
		{D580BF35-1291-4D56-A819-FA3EC46D5B65}.Release|x86.Build.0 = Release|Win32
	EndGlobalSection
	GlobalSection(SolutionProperties) = preSolution
		HideSolutionNode = FALSE
	EndGlobalSection
	GlobalSection(ExtensibilityGlobals) = postSolution
		SolutionGuid = {862993FB-4A8F-4AC3-A5B2-37BF7AAFD7BD}
	EndGlobalSection
EndGlobal
